
Microsoft Visual Studio Solution File, Format Version 12.00
# Visual Studio Version 16
VisualStudioVersion = 16.0.31205.134
MinimumVisualStudioVersion = 10.0.40219.1
Project("{FAE04EC0-301F-11D3-BF4B-00C04F79EFBC}") = "Game of Life", "Game of Life\Game of Life.csproj", "{C5AD910A-055E-43D8-8962-AB9843E451D7}"
EndProject
Global
	GlobalSection(SolutionConfigurationPlatforms) = preSolution
		Debug|Any CPU = Debug|Any CPU
		Release|Any CPU = Release|Any CPU
	EndGlobalSection
	GlobalSection(ProjectConfigurationPlatforms) = postSolution
		{C5AD910A-055E-43D8-8962-AB9843E451D7}.Debug|Any CPU.ActiveCfg = Debug|Any CPU
		{C5AD910A-055E-43D8-8962-AB9843E451D7}.Debug|Any CPU.Build.0 = Debug|Any CPU
		{C5AD910A-055E-43D8-8962-AB9843E451D7}.Release|Any CPU.ActiveCfg = Release|Any CPU
		{C5AD910A-055E-43D8-8962-AB9843E451D7}.Release|Any CPU.Build.0 = Release|Any CPU
	EndGlobalSection
	GlobalSection(SolutionProperties) = preSolution
		HideSolutionNode = FALSE
	EndGlobalSection
	GlobalSection(ExtensibilityGlobals) = postSolution
		SolutionGuid = {9C4280B1-234E-4B2B-B139-2903B2DF6B13}
	EndGlobalSection
EndGlobal
